
Microsoft Visual Studio Solution File, Format Version 12.00
Project("{FAE04EC0-301F-11D3-BF4B-00C04F79EFBC}") = "SpecFlowCalculator", "SpecFlowCalculator\SpecFlowCalculator.csproj", "{FD454369-2D84-4F77-9BD0-D0F083360344}"
EndProject
Project("{FAE04EC0-301F-11D3-BF4B-00C04F79EFBC}") = "SpecFlowCalculator.Specs", "SpecFlowCalculator.Specs\SpecFlowCalculator.Specs.csproj", "{2646C535-E3DC-4467-AE90-D835F88CFFC8}"
EndProject
Global
	GlobalSection(SolutionConfigurationPlatforms) = preSolution
		Debug|Any CPU = Debug|Any CPU
		Release|Any CPU = Release|Any CPU
	EndGlobalSection
	GlobalSection(ProjectConfigurationPlatforms) = postSolution
		{FD454369-2D84-4F77-9BD0-D0F083360344}.Debug|Any CPU.ActiveCfg = Debug|Any CPU
		{FD454369-2D84-4F77-9BD0-D0F083360344}.Debug|Any CPU.Build.0 = Debug|Any CPU
		{FD454369-2D84-4F77-9BD0-D0F083360344}.Release|Any CPU.ActiveCfg = Release|Any CPU
		{FD454369-2D84-4F77-9BD0-D0F083360344}.Release|Any CPU.Build.0 = Release|Any CPU
		{2646C535-E3DC-4467-AE90-D835F88CFFC8}.Debug|Any CPU.ActiveCfg = Debug|Any CPU
		{2646C535-E3DC-4467-AE90-D835F88CFFC8}.Debug|Any CPU.Build.0 = Debug|Any CPU
		{2646C535-E3DC-4467-AE90-D835F88CFFC8}.Release|Any CPU.ActiveCfg = Release|Any CPU
		{2646C535-E3DC-4467-AE90-D835F88CFFC8}.Release|Any CPU.Build.0 = Release|Any CPU
	EndGlobalSection
EndGlobal
